// !$*UTF8*$!
{
	archiveVersion = 1;
	classes = {
	};
	objectVersion = 51;
	objects = {

/* Begin PBXBuildFile section */
		240EA0262478766D007828E5 /* AppDelegate.swift in Sources */ = {isa = PBXBuildFile; fileRef = 240EA0252478766D007828E5 /* AppDelegate.swift */; };
		240EA0282478766D007828E5 /* SceneDelegate.swift in Sources */ = {isa = PBXBuildFile; fileRef = 240EA0272478766D007828E5 /* SceneDelegate.swift */; };
		240EA02A2478766D007828E5 /* ViewController.swift in Sources */ = {isa = PBXBuildFile; fileRef = 240EA0292478766D007828E5 /* ViewController.swift */; };
		240EA02D2478766D007828E5 /* Main.storyboard in Resources */ = {isa = PBXBuildFile; fileRef = 240EA02B2478766D007828E5 /* Main.storyboard */; };
		240EA02F2478766F007828E5 /* Assets.xcassets in Resources */ = {isa = PBXBuildFile; fileRef = 240EA02E2478766F007828E5 /* Assets.xcassets */; };
		240EA0322478766F007828E5 /* LaunchScreen.storyboard in Resources */ = {isa = PBXBuildFile; fileRef = 240EA0302478766F007828E5 /* LaunchScreen.storyboard */; };
		240EA03D2478766F007828E5 /* EventListTests.swift in Sources */ = {isa = PBXBuildFile; fileRef = 240EA03C2478766F007828E5 /* EventListTests.swift */; };
		240EA0482478766F007828E5 /* EventListUITests.swift in Sources */ = {isa = PBXBuildFile; fileRef = 240EA0472478766F007828E5 /* EventListUITests.swift */; };
		240EA05724787FF7007828E5 /* People.swift in Sources */ = {isa = PBXBuildFile; fileRef = 240EA05624787FF7007828E5 /* People.swift */; };
		240EA0592478802C007828E5 /* Event.swift in Sources */ = {isa = PBXBuildFile; fileRef = 240EA0582478802C007828E5 /* Event.swift */; };
		240EA05B24788069007828E5 /* Cupon.swift in Sources */ = {isa = PBXBuildFile; fileRef = 240EA05A24788069007828E5 /* Cupon.swift */; };
		240EA05D24788076007828E5 /* CheckIn.swift in Sources */ = {isa = PBXBuildFile; fileRef = 240EA05C24788076007828E5 /* CheckIn.swift */; };
		240EA07B2478A94F007828E5 /* ServiceHelper.swift in Sources */ = {isa = PBXBuildFile; fileRef = 240EA07A2478A94F007828E5 /* ServiceHelper.swift */; };
		240EA07D2478A965007828E5 /* ServiceResponse.swift in Sources */ = {isa = PBXBuildFile; fileRef = 240EA07C2478A965007828E5 /* ServiceResponse.swift */; };
		240EA07F2478A972007828E5 /* ServiceError.swift in Sources */ = {isa = PBXBuildFile; fileRef = 240EA07E2478A972007828E5 /* ServiceError.swift */; };
		240EA0812478A988007828E5 /* ELError.swift in Sources */ = {isa = PBXBuildFile; fileRef = 240EA0802478A988007828E5 /* ELError.swift */; };
		240EA0832478A996007828E5 /* HttpStatusCode.swift in Sources */ = {isa = PBXBuildFile; fileRef = 240EA0822478A996007828E5 /* HttpStatusCode.swift */; };
		240EA0852478ABB6007828E5 /* AppConfig.plist in Resources */ = {isa = PBXBuildFile; fileRef = 240EA0842478ABB6007828E5 /* AppConfig.plist */; };
		240EA0872478AC55007828E5 /* AppConfig.swift in Sources */ = {isa = PBXBuildFile; fileRef = 240EA0862478AC55007828E5 /* AppConfig.swift */; };
		240EA0892478AD06007828E5 /* ServiceEndpoint.swift in Sources */ = {isa = PBXBuildFile; fileRef = 240EA0882478AD06007828E5 /* ServiceEndpoint.swift */; };
		240EA08D2478AE1B007828E5 /* EventServiceProtocol.swift in Sources */ = {isa = PBXBuildFile; fileRef = 240EA08C2478AE1B007828E5 /* EventServiceProtocol.swift */; };
		240EA08F2478AE41007828E5 /* EventService.swift in Sources */ = {isa = PBXBuildFile; fileRef = 240EA08E2478AE41007828E5 /* EventService.swift */; };
		240EA0912478AFAE007828E5 /* CheckInServiceProtocol.swift in Sources */ = {isa = PBXBuildFile; fileRef = 240EA0902478AFAE007828E5 /* CheckInServiceProtocol.swift */; };
		240EA0932478B00F007828E5 /* CheckInService.swift in Sources */ = {isa = PBXBuildFile; fileRef = 240EA0922478B00F007828E5 /* CheckInService.swift */; };
		240EA0962478B826007828E5 /* Encodable+Extension.swift in Sources */ = {isa = PBXBuildFile; fileRef = 240EA0952478B826007828E5 /* Encodable+Extension.swift */; };
		240EA09B2478BD05007828E5 /* EventViewController.swift in Sources */ = {isa = PBXBuildFile; fileRef = 240EA09A2478BD05007828E5 /* EventViewController.swift */; };
		240EA09E247944BB007828E5 /* EventView.swift in Sources */ = {isa = PBXBuildFile; fileRef = 240EA09D247944BB007828E5 /* EventView.swift */; };
		25769681C7EDA1439B755E61 /* Pods_EventList.framework in Frameworks */ = {isa = PBXBuildFile; fileRef = 9391656A09E9E764398D0956 /* Pods_EventList.framework */; };
		9CE85CE15584A5AA54455DDB /* Pods_EventListUITests.framework in Frameworks */ = {isa = PBXBuildFile; fileRef = FC9F8C228F8055227B99B5AE /* Pods_EventListUITests.framework */; };
		F68307F530D143F38ED28067 /* Pods_EventListTests.framework in Frameworks */ = {isa = PBXBuildFile; fileRef = 69986FFBF8F06ED1871A01FD /* Pods_EventListTests.framework */; };
/* End PBXBuildFile section */

/* Begin PBXContainerItemProxy section */
		240EA0392478766F007828E5 /* PBXContainerItemProxy */ = {
			isa = PBXContainerItemProxy;
			containerPortal = 240EA01A2478766D007828E5 /* Project object */;
			proxyType = 1;
			remoteGlobalIDString = 240EA0212478766D007828E5;
			remoteInfo = EventList;
		};
		240EA0442478766F007828E5 /* PBXContainerItemProxy */ = {
			isa = PBXContainerItemProxy;
			containerPortal = 240EA01A2478766D007828E5 /* Project object */;
			proxyType = 1;
			remoteGlobalIDString = 240EA0212478766D007828E5;
			remoteInfo = EventList;
		};
/* End PBXContainerItemProxy section */

/* Begin PBXFileReference section */
		2200B7C295C781490C9132F3 /* Pods-EventListUITests.release.xcconfig */ = {isa = PBXFileReference; includeInIndex = 1; lastKnownFileType = text.xcconfig; name = "Pods-EventListUITests.release.xcconfig"; path = "Target Support Files/Pods-EventListUITests/Pods-EventListUITests.release.xcconfig"; sourceTree = "<group>"; };
		240EA0222478766D007828E5 /* EventList.app */ = {isa = PBXFileReference; explicitFileType = wrapper.application; includeInIndex = 0; path = EventList.app; sourceTree = BUILT_PRODUCTS_DIR; };
		240EA0252478766D007828E5 /* AppDelegate.swift */ = {isa = PBXFileReference; lastKnownFileType = sourcecode.swift; path = AppDelegate.swift; sourceTree = "<group>"; };
		240EA0272478766D007828E5 /* SceneDelegate.swift */ = {isa = PBXFileReference; lastKnownFileType = sourcecode.swift; path = SceneDelegate.swift; sourceTree = "<group>"; };
		240EA0292478766D007828E5 /* ViewController.swift */ = {isa = PBXFileReference; lastKnownFileType = sourcecode.swift; path = ViewController.swift; sourceTree = "<group>"; };
		240EA02C2478766D007828E5 /* Base */ = {isa = PBXFileReference; lastKnownFileType = file.storyboard; name = Base; path = Base.lproj/Main.storyboard; sourceTree = "<group>"; };
		240EA02E2478766F007828E5 /* Assets.xcassets */ = {isa = PBXFileReference; lastKnownFileType = folder.assetcatalog; path = Assets.xcassets; sourceTree = "<group>"; };
		240EA0312478766F007828E5 /* Base */ = {isa = PBXFileReference; lastKnownFileType = file.storyboard; name = Base; path = Base.lproj/LaunchScreen.storyboard; sourceTree = "<group>"; };
		240EA0332478766F007828E5 /* Info.plist */ = {isa = PBXFileReference; lastKnownFileType = text.plist.xml; path = Info.plist; sourceTree = "<group>"; };
		240EA0382478766F007828E5 /* EventListTests.xctest */ = {isa = PBXFileReference; explicitFileType = wrapper.cfbundle; includeInIndex = 0; path = EventListTests.xctest; sourceTree = BUILT_PRODUCTS_DIR; };
		240EA03C2478766F007828E5 /* EventListTests.swift */ = {isa = PBXFileReference; lastKnownFileType = sourcecode.swift; path = EventListTests.swift; sourceTree = "<group>"; };
		240EA03E2478766F007828E5 /* Info.plist */ = {isa = PBXFileReference; lastKnownFileType = text.plist.xml; path = Info.plist; sourceTree = "<group>"; };
		240EA0432478766F007828E5 /* EventListUITests.xctest */ = {isa = PBXFileReference; explicitFileType = wrapper.cfbundle; includeInIndex = 0; path = EventListUITests.xctest; sourceTree = BUILT_PRODUCTS_DIR; };
		240EA0472478766F007828E5 /* EventListUITests.swift */ = {isa = PBXFileReference; lastKnownFileType = sourcecode.swift; path = EventListUITests.swift; sourceTree = "<group>"; };
		240EA0492478766F007828E5 /* Info.plist */ = {isa = PBXFileReference; lastKnownFileType = text.plist.xml; path = Info.plist; sourceTree = "<group>"; };
		240EA05624787FF7007828E5 /* People.swift */ = {isa = PBXFileReference; lastKnownFileType = sourcecode.swift; path = People.swift; sourceTree = "<group>"; };
		240EA0582478802C007828E5 /* Event.swift */ = {isa = PBXFileReference; lastKnownFileType = sourcecode.swift; path = Event.swift; sourceTree = "<group>"; };
		240EA05A24788069007828E5 /* Cupon.swift */ = {isa = PBXFileReference; lastKnownFileType = sourcecode.swift; path = Cupon.swift; sourceTree = "<group>"; };
		240EA05C24788076007828E5 /* CheckIn.swift */ = {isa = PBXFileReference; lastKnownFileType = sourcecode.swift; path = CheckIn.swift; sourceTree = "<group>"; };
		240EA07A2478A94F007828E5 /* ServiceHelper.swift */ = {isa = PBXFileReference; lastKnownFileType = sourcecode.swift; path = ServiceHelper.swift; sourceTree = "<group>"; };
		240EA07C2478A965007828E5 /* ServiceResponse.swift */ = {isa = PBXFileReference; lastKnownFileType = sourcecode.swift; path = ServiceResponse.swift; sourceTree = "<group>"; };
		240EA07E2478A972007828E5 /* ServiceError.swift */ = {isa = PBXFileReference; lastKnownFileType = sourcecode.swift; path = ServiceError.swift; sourceTree = "<group>"; };
		240EA0802478A988007828E5 /* ELError.swift */ = {isa = PBXFileReference; lastKnownFileType = sourcecode.swift; path = ELError.swift; sourceTree = "<group>"; };
		240EA0822478A996007828E5 /* HttpStatusCode.swift */ = {isa = PBXFileReference; lastKnownFileType = sourcecode.swift; path = HttpStatusCode.swift; sourceTree = "<group>"; };
		240EA0842478ABB6007828E5 /* AppConfig.plist */ = {isa = PBXFileReference; lastKnownFileType = text.plist.xml; path = AppConfig.plist; sourceTree = "<group>"; };
		240EA0862478AC55007828E5 /* AppConfig.swift */ = {isa = PBXFileReference; lastKnownFileType = sourcecode.swift; path = AppConfig.swift; sourceTree = "<group>"; };
		240EA0882478AD06007828E5 /* ServiceEndpoint.swift */ = {isa = PBXFileReference; lastKnownFileType = sourcecode.swift; path = ServiceEndpoint.swift; sourceTree = "<group>"; };
		240EA08C2478AE1B007828E5 /* EventServiceProtocol.swift */ = {isa = PBXFileReference; lastKnownFileType = sourcecode.swift; path = EventServiceProtocol.swift; sourceTree = "<group>"; };
		240EA08E2478AE41007828E5 /* EventService.swift */ = {isa = PBXFileReference; lastKnownFileType = sourcecode.swift; path = EventService.swift; sourceTree = "<group>"; };
		240EA0902478AFAE007828E5 /* CheckInServiceProtocol.swift */ = {isa = PBXFileReference; lastKnownFileType = sourcecode.swift; path = CheckInServiceProtocol.swift; sourceTree = "<group>"; };
		240EA0922478B00F007828E5 /* CheckInService.swift */ = {isa = PBXFileReference; lastKnownFileType = sourcecode.swift; path = CheckInService.swift; sourceTree = "<group>"; };
		240EA0952478B826007828E5 /* Encodable+Extension.swift */ = {isa = PBXFileReference; lastKnownFileType = sourcecode.swift; path = "Encodable+Extension.swift"; sourceTree = "<group>"; };
		240EA09A2478BD05007828E5 /* EventViewController.swift */ = {isa = PBXFileReference; lastKnownFileType = sourcecode.swift; path = EventViewController.swift; sourceTree = "<group>"; };
		240EA09D247944BB007828E5 /* EventView.swift */ = {isa = PBXFileReference; lastKnownFileType = sourcecode.swift; path = EventView.swift; sourceTree = "<group>"; };
		4F53286F28371B34B710F054 /* Pods-EventList.debug.xcconfig */ = {isa = PBXFileReference; includeInIndex = 1; lastKnownFileType = text.xcconfig; name = "Pods-EventList.debug.xcconfig"; path = "Target Support Files/Pods-EventList/Pods-EventList.debug.xcconfig"; sourceTree = "<group>"; };
		69986FFBF8F06ED1871A01FD /* Pods_EventListTests.framework */ = {isa = PBXFileReference; explicitFileType = wrapper.framework; includeInIndex = 0; path = Pods_EventListTests.framework; sourceTree = BUILT_PRODUCTS_DIR; };
		830F66CFFF00DB5FF337716C /* Pods-EventListTests.debug.xcconfig */ = {isa = PBXFileReference; includeInIndex = 1; lastKnownFileType = text.xcconfig; name = "Pods-EventListTests.debug.xcconfig"; path = "Target Support Files/Pods-EventListTests/Pods-EventListTests.debug.xcconfig"; sourceTree = "<group>"; };
		8BD885D98A1576BC12A21C1C /* Pods-EventList.release.xcconfig */ = {isa = PBXFileReference; includeInIndex = 1; lastKnownFileType = text.xcconfig; name = "Pods-EventList.release.xcconfig"; path = "Target Support Files/Pods-EventList/Pods-EventList.release.xcconfig"; sourceTree = "<group>"; };
		9391656A09E9E764398D0956 /* Pods_EventList.framework */ = {isa = PBXFileReference; explicitFileType = wrapper.framework; includeInIndex = 0; path = Pods_EventList.framework; sourceTree = BUILT_PRODUCTS_DIR; };
		AB81EE19B308493819B41C5F /* Pods-EventListUITests.debug.xcconfig */ = {isa = PBXFileReference; includeInIndex = 1; lastKnownFileType = text.xcconfig; name = "Pods-EventListUITests.debug.xcconfig"; path = "Target Support Files/Pods-EventListUITests/Pods-EventListUITests.debug.xcconfig"; sourceTree = "<group>"; };
		D5CED2EE525E4C079F923C68 /* Pods-EventListTests.release.xcconfig */ = {isa = PBXFileReference; includeInIndex = 1; lastKnownFileType = text.xcconfig; name = "Pods-EventListTests.release.xcconfig"; path = "Target Support Files/Pods-EventListTests/Pods-EventListTests.release.xcconfig"; sourceTree = "<group>"; };
		FC9F8C228F8055227B99B5AE /* Pods_EventListUITests.framework */ = {isa = PBXFileReference; explicitFileType = wrapper.framework; includeInIndex = 0; path = Pods_EventListUITests.framework; sourceTree = BUILT_PRODUCTS_DIR; };
/* End PBXFileReference section */

/* Begin PBXFrameworksBuildPhase section */
		240EA01F2478766D007828E5 /* Frameworks */ = {
			isa = PBXFrameworksBuildPhase;
			buildActionMask = 2147483647;
			files = (
				25769681C7EDA1439B755E61 /* Pods_EventList.framework in Frameworks */,
			);
			runOnlyForDeploymentPostprocessing = 0;
		};
		240EA0352478766F007828E5 /* Frameworks */ = {
			isa = PBXFrameworksBuildPhase;
			buildActionMask = 2147483647;
			files = (
				F68307F530D143F38ED28067 /* Pods_EventListTests.framework in Frameworks */,
			);
			runOnlyForDeploymentPostprocessing = 0;
		};
		240EA0402478766F007828E5 /* Frameworks */ = {
			isa = PBXFrameworksBuildPhase;
			buildActionMask = 2147483647;
			files = (
				9CE85CE15584A5AA54455DDB /* Pods_EventListUITests.framework in Frameworks */,
			);
			runOnlyForDeploymentPostprocessing = 0;
		};
/* End PBXFrameworksBuildPhase section */

/* Begin PBXGroup section */
		240EA0192478766D007828E5 = {
			isa = PBXGroup;
			children = (
				240EA0242478766D007828E5 /* EventList */,
				240EA03B2478766F007828E5 /* EventListTests */,
				240EA0462478766F007828E5 /* EventListUITests */,
				240EA0232478766D007828E5 /* Products */,
				A0624FB88B1347179A2D6AC1 /* Pods */,
				C4DED9CA79C8B9949F0F39C7 /* Frameworks */,
			);
			sourceTree = "<group>";
		};
		240EA0232478766D007828E5 /* Products */ = {
			isa = PBXGroup;
			children = (
				240EA0222478766D007828E5 /* EventList.app */,
				240EA0382478766F007828E5 /* EventListTests.xctest */,
				240EA0432478766F007828E5 /* EventListUITests.xctest */,
			);
			name = Products;
			sourceTree = "<group>";
		};
		240EA0242478766D007828E5 /* EventList */ = {
			isa = PBXGroup;
			children = (
				240EA0252478766D007828E5 /* AppDelegate.swift */,
				240EA0272478766D007828E5 /* SceneDelegate.swift */,
				240EA0972478BCAC007828E5 /* View */,
				240EA05524787FD4007828E5 /* Model */,
				240EA0292478766D007828E5 /* ViewController.swift */,
				240EA02B2478766D007828E5 /* Main.storyboard */,
				240EA02E2478766F007828E5 /* Assets.xcassets */,
				240EA0302478766F007828E5 /* LaunchScreen.storyboard */,
				240EA0332478766F007828E5 /* Info.plist */,
				240EA0842478ABB6007828E5 /* AppConfig.plist */,
				240EA0862478AC55007828E5 /* AppConfig.swift */,
			);
			path = EventList;
			sourceTree = "<group>";
		};
		240EA03B2478766F007828E5 /* EventListTests */ = {
			isa = PBXGroup;
			children = (
				240EA03C2478766F007828E5 /* EventListTests.swift */,
				240EA03E2478766F007828E5 /* Info.plist */,
			);
			path = EventListTests;
			sourceTree = "<group>";
		};
		240EA0462478766F007828E5 /* EventListUITests */ = {
			isa = PBXGroup;
			children = (
				240EA0472478766F007828E5 /* EventListUITests.swift */,
				240EA0492478766F007828E5 /* Info.plist */,
			);
			path = EventListUITests;
			sourceTree = "<group>";
		};
		240EA05524787FD4007828E5 /* Model */ = {
			isa = PBXGroup;
			children = (
				240EA05E247880F5007828E5 /* Data */,
				240EA0782478A873007828E5 /* Restful Service */,
			);
			path = Model;
			sourceTree = "<group>";
		};
		240EA05E247880F5007828E5 /* Data */ = {
			isa = PBXGroup;
			children = (
				240EA0582478802C007828E5 /* Event.swift */,
				240EA05624787FF7007828E5 /* People.swift */,
				240EA05A24788069007828E5 /* Cupon.swift */,
				240EA05C24788076007828E5 /* CheckIn.swift */,
			);
			path = Data;
			sourceTree = "<group>";
		};
		240EA0782478A873007828E5 /* Restful Service */ = {
			isa = PBXGroup;
			children = (
				240EA0942478B810007828E5 /* Extensions */,
				240EA08A2478ADD1007828E5 /* Service */,
				240EA08B2478ADE4007828E5 /* Protocol */,
				240EA0792478A92B007828E5 /* Service Helper */,
			);
			path = "Restful Service";
			sourceTree = "<group>";
		};
		240EA0792478A92B007828E5 /* Service Helper */ = {
			isa = PBXGroup;
			children = (
				240EA07A2478A94F007828E5 /* ServiceHelper.swift */,
				240EA07C2478A965007828E5 /* ServiceResponse.swift */,
				240EA0882478AD06007828E5 /* ServiceEndpoint.swift */,
				240EA07E2478A972007828E5 /* ServiceError.swift */,
				240EA0802478A988007828E5 /* ELError.swift */,
				240EA0822478A996007828E5 /* HttpStatusCode.swift */,
			);
			path = "Service Helper";
			sourceTree = "<group>";
		};
		240EA08A2478ADD1007828E5 /* Service */ = {
			isa = PBXGroup;
			children = (
				240EA08E2478AE41007828E5 /* EventService.swift */,
				240EA0922478B00F007828E5 /* CheckInService.swift */,
			);
			path = Service;
			sourceTree = "<group>";
		};
		240EA08B2478ADE4007828E5 /* Protocol */ = {
			isa = PBXGroup;
			children = (
				240EA08C2478AE1B007828E5 /* EventServiceProtocol.swift */,
				240EA0902478AFAE007828E5 /* CheckInServiceProtocol.swift */,
			);
			path = Protocol;
			sourceTree = "<group>";
		};
		240EA0942478B810007828E5 /* Extensions */ = {
			isa = PBXGroup;
			children = (
				240EA0952478B826007828E5 /* Encodable+Extension.swift */,
			);
			path = Extensions;
			sourceTree = "<group>";
		};
		240EA0972478BCAC007828E5 /* View */ = {
			isa = PBXGroup;
			children = (
				240EA09C2479449A007828E5 /* EventView */,
			);
			path = View;
			sourceTree = "<group>";
		};
		240EA09C2479449A007828E5 /* EventView */ = {
			isa = PBXGroup;
			children = (
				240EA09A2478BD05007828E5 /* EventViewController.swift */,
				240EA09D247944BB007828E5 /* EventView.swift */,
			);
			path = EventView;
			sourceTree = "<group>";
		};
		A0624FB88B1347179A2D6AC1 /* Pods */ = {
			isa = PBXGroup;
			children = (
				4F53286F28371B34B710F054 /* Pods-EventList.debug.xcconfig */,
				8BD885D98A1576BC12A21C1C /* Pods-EventList.release.xcconfig */,
				830F66CFFF00DB5FF337716C /* Pods-EventListTests.debug.xcconfig */,
				D5CED2EE525E4C079F923C68 /* Pods-EventListTests.release.xcconfig */,
				AB81EE19B308493819B41C5F /* Pods-EventListUITests.debug.xcconfig */,
				2200B7C295C781490C9132F3 /* Pods-EventListUITests.release.xcconfig */,
			);
			path = Pods;
			sourceTree = "<group>";
		};
		C4DED9CA79C8B9949F0F39C7 /* Frameworks */ = {
			isa = PBXGroup;
			children = (
				9391656A09E9E764398D0956 /* Pods_EventList.framework */,
				69986FFBF8F06ED1871A01FD /* Pods_EventListTests.framework */,
				FC9F8C228F8055227B99B5AE /* Pods_EventListUITests.framework */,
			);
			name = Frameworks;
			sourceTree = "<group>";
		};
/* End PBXGroup section */

/* Begin PBXNativeTarget section */
		240EA0212478766D007828E5 /* EventList */ = {
			isa = PBXNativeTarget;
			buildConfigurationList = 240EA04C2478766F007828E5 /* Build configuration list for PBXNativeTarget "EventList" */;
			buildPhases = (
				294B2AA9759C0DF5C4901D34 /* [CP] Check Pods Manifest.lock */,
				240EA01E2478766D007828E5 /* Sources */,
				240EA01F2478766D007828E5 /* Frameworks */,
				240EA0202478766D007828E5 /* Resources */,
				3B94958F15C6655DFF8D6C59 /* [CP] Embed Pods Frameworks */,
			);
			buildRules = (
			);
			dependencies = (
			);
			name = EventList;
			productName = EventList;
			productReference = 240EA0222478766D007828E5 /* EventList.app */;
			productType = "com.apple.product-type.application";
		};
		240EA0372478766F007828E5 /* EventListTests */ = {
			isa = PBXNativeTarget;
			buildConfigurationList = 240EA04F2478766F007828E5 /* Build configuration list for PBXNativeTarget "EventListTests" */;
			buildPhases = (
				29257E0829A04E44A10F60F6 /* [CP] Check Pods Manifest.lock */,
				240EA0342478766F007828E5 /* Sources */,
				240EA0352478766F007828E5 /* Frameworks */,
				240EA0362478766F007828E5 /* Resources */,
			);
			buildRules = (
			);
			dependencies = (
				240EA03A2478766F007828E5 /* PBXTargetDependency */,
			);
			name = EventListTests;
			productName = EventListTests;
			productReference = 240EA0382478766F007828E5 /* EventListTests.xctest */;
			productType = "com.apple.product-type.bundle.unit-test";
		};
		240EA0422478766F007828E5 /* EventListUITests */ = {
			isa = PBXNativeTarget;
			buildConfigurationList = 240EA0522478766F007828E5 /* Build configuration list for PBXNativeTarget "EventListUITests" */;
			buildPhases = (
				8C88919D034F60D4A5002A4C /* [CP] Check Pods Manifest.lock */,
				240EA03F2478766F007828E5 /* Sources */,
				240EA0402478766F007828E5 /* Frameworks */,
				240EA0412478766F007828E5 /* Resources */,
			);
			buildRules = (
			);
			dependencies = (
				240EA0452478766F007828E5 /* PBXTargetDependency */,
			);
			name = EventListUITests;
			productName = EventListUITests;
			productReference = 240EA0432478766F007828E5 /* EventListUITests.xctest */;
			productType = "com.apple.product-type.bundle.ui-testing";
		};
/* End PBXNativeTarget section */

/* Begin PBXProject section */
		240EA01A2478766D007828E5 /* Project object */ = {
			isa = PBXProject;
			attributes = {
				LastSwiftUpdateCheck = 1130;
				LastUpgradeCheck = 1130;
				ORGANIZATIONNAME = "Edilberto Ramos";
				TargetAttributes = {
					240EA0212478766D007828E5 = {
						CreatedOnToolsVersion = 11.3.1;
					};
					240EA0372478766F007828E5 = {
						CreatedOnToolsVersion = 11.3.1;
						TestTargetID = 240EA0212478766D007828E5;
					};
					240EA0422478766F007828E5 = {
						CreatedOnToolsVersion = 11.3.1;
						TestTargetID = 240EA0212478766D007828E5;
					};
				};
			};
			buildConfigurationList = 240EA01D2478766D007828E5 /* Build configuration list for PBXProject "EventList" */;
			compatibilityVersion = "Xcode 9.3";
			developmentRegion = en;
			hasScannedForEncodings = 0;
			knownRegions = (
				en,
				Base,
			);
			mainGroup = 240EA0192478766D007828E5;
			productRefGroup = 240EA0232478766D007828E5 /* Products */;
			projectDirPath = "";
			projectRoot = "";
			targets = (
				240EA0212478766D007828E5 /* EventList */,
				240EA0372478766F007828E5 /* EventListTests */,
				240EA0422478766F007828E5 /* EventListUITests */,
			);
		};
/* End PBXProject section */

/* Begin PBXResourcesBuildPhase section */
		240EA0202478766D007828E5 /* Resources */ = {
			isa = PBXResourcesBuildPhase;
			buildActionMask = 2147483647;
			files = (
				240EA0852478ABB6007828E5 /* AppConfig.plist in Resources */,
				240EA0322478766F007828E5 /* LaunchScreen.storyboard in Resources */,
				240EA02F2478766F007828E5 /* Assets.xcassets in Resources */,
				240EA02D2478766D007828E5 /* Main.storyboard in Resources */,
			);
			runOnlyForDeploymentPostprocessing = 0;
		};
		240EA0362478766F007828E5 /* Resources */ = {
			isa = PBXResourcesBuildPhase;
			buildActionMask = 2147483647;
			files = (
			);
			runOnlyForDeploymentPostprocessing = 0;
		};
		240EA0412478766F007828E5 /* Resources */ = {
			isa = PBXResourcesBuildPhase;
			buildActionMask = 2147483647;
			files = (
			);
			runOnlyForDeploymentPostprocessing = 0;
		};
/* End PBXResourcesBuildPhase section */

/* Begin PBXShellScriptBuildPhase section */
		29257E0829A04E44A10F60F6 /* [CP] Check Pods Manifest.lock */ = {
			isa = PBXShellScriptBuildPhase;
			buildActionMask = 2147483647;
			files = (
			);
			inputFileListPaths = (
			);
			inputPaths = (
				"${PODS_PODFILE_DIR_PATH}/Podfile.lock",
				"${PODS_ROOT}/Manifest.lock",
			);
			name = "[CP] Check Pods Manifest.lock";
			outputFileListPaths = (
			);
			outputPaths = (
				"$(DERIVED_FILE_DIR)/Pods-EventListTests-checkManifestLockResult.txt",
			);
			runOnlyForDeploymentPostprocessing = 0;
			shellPath = /bin/sh;
			shellScript = "diff \"${PODS_PODFILE_DIR_PATH}/Podfile.lock\" \"${PODS_ROOT}/Manifest.lock\" > /dev/null\nif [ $? != 0 ] ; then\n    # print error to STDERR\n    echo \"error: The sandbox is not in sync with the Podfile.lock. Run 'pod install' or update your CocoaPods installation.\" >&2\n    exit 1\nfi\n# This output is used by Xcode 'outputs' to avoid re-running this script phase.\necho \"SUCCESS\" > \"${SCRIPT_OUTPUT_FILE_0}\"\n";
			showEnvVarsInLog = 0;
		};
		294B2AA9759C0DF5C4901D34 /* [CP] Check Pods Manifest.lock */ = {
			isa = PBXShellScriptBuildPhase;
			buildActionMask = 2147483647;
			files = (
			);
			inputFileListPaths = (
			);
			inputPaths = (
				"${PODS_PODFILE_DIR_PATH}/Podfile.lock",
				"${PODS_ROOT}/Manifest.lock",
			);
			name = "[CP] Check Pods Manifest.lock";
			outputFileListPaths = (
			);
			outputPaths = (
				"$(DERIVED_FILE_DIR)/Pods-EventList-checkManifestLockResult.txt",
			);
			runOnlyForDeploymentPostprocessing = 0;
			shellPath = /bin/sh;
			shellScript = "diff \"${PODS_PODFILE_DIR_PATH}/Podfile.lock\" \"${PODS_ROOT}/Manifest.lock\" > /dev/null\nif [ $? != 0 ] ; then\n    # print error to STDERR\n    echo \"error: The sandbox is not in sync with the Podfile.lock. Run 'pod install' or update your CocoaPods installation.\" >&2\n    exit 1\nfi\n# This output is used by Xcode 'outputs' to avoid re-running this script phase.\necho \"SUCCESS\" > \"${SCRIPT_OUTPUT_FILE_0}\"\n";
			showEnvVarsInLog = 0;
		};
		3B94958F15C6655DFF8D6C59 /* [CP] Embed Pods Frameworks */ = {
			isa = PBXShellScriptBuildPhase;
			buildActionMask = 2147483647;
			files = (
			);
			inputFileListPaths = (
				"${PODS_ROOT}/Target Support Files/Pods-EventList/Pods-EventList-frameworks-${CONFIGURATION}-input-files.xcfilelist",
			);
			name = "[CP] Embed Pods Frameworks";
			outputFileListPaths = (
				"${PODS_ROOT}/Target Support Files/Pods-EventList/Pods-EventList-frameworks-${CONFIGURATION}-output-files.xcfilelist",
			);
			runOnlyForDeploymentPostprocessing = 0;
			shellPath = /bin/sh;
			shellScript = "\"${PODS_ROOT}/Target Support Files/Pods-EventList/Pods-EventList-frameworks.sh\"\n";
			showEnvVarsInLog = 0;
		};
		8C88919D034F60D4A5002A4C /* [CP] Check Pods Manifest.lock */ = {
			isa = PBXShellScriptBuildPhase;
			buildActionMask = 2147483647;
			files = (
			);
			inputFileListPaths = (
			);
			inputPaths = (
				"${PODS_PODFILE_DIR_PATH}/Podfile.lock",
				"${PODS_ROOT}/Manifest.lock",
			);
			name = "[CP] Check Pods Manifest.lock";
			outputFileListPaths = (
			);
			outputPaths = (
				"$(DERIVED_FILE_DIR)/Pods-EventListUITests-checkManifestLockResult.txt",
			);
			runOnlyForDeploymentPostprocessing = 0;
			shellPath = /bin/sh;
			shellScript = "diff \"${PODS_PODFILE_DIR_PATH}/Podfile.lock\" \"${PODS_ROOT}/Manifest.lock\" > /dev/null\nif [ $? != 0 ] ; then\n    # print error to STDERR\n    echo \"error: The sandbox is not in sync with the Podfile.lock. Run 'pod install' or update your CocoaPods installation.\" >&2\n    exit 1\nfi\n# This output is used by Xcode 'outputs' to avoid re-running this script phase.\necho \"SUCCESS\" > \"${SCRIPT_OUTPUT_FILE_0}\"\n";
			showEnvVarsInLog = 0;
		};
/* End PBXShellScriptBuildPhase section */

/* Begin PBXSourcesBuildPhase section */
		240EA01E2478766D007828E5 /* Sources */ = {
			isa = PBXSourcesBuildPhase;
			buildActionMask = 2147483647;
			files = (
				240EA08F2478AE41007828E5 /* EventService.swift in Sources */,
				240EA0892478AD06007828E5 /* ServiceEndpoint.swift in Sources */,
				240EA07F2478A972007828E5 /* ServiceError.swift in Sources */,
				240EA0912478AFAE007828E5 /* CheckInServiceProtocol.swift in Sources */,
				240EA0962478B826007828E5 /* Encodable+Extension.swift in Sources */,
				240EA09B2478BD05007828E5 /* EventViewController.swift in Sources */,
				240EA05724787FF7007828E5 /* People.swift in Sources */,
				240EA05B24788069007828E5 /* Cupon.swift in Sources */,
				240EA02A2478766D007828E5 /* ViewController.swift in Sources */,
				240EA0262478766D007828E5 /* AppDelegate.swift in Sources */,
				240EA0282478766D007828E5 /* SceneDelegate.swift in Sources */,
				240EA05D24788076007828E5 /* CheckIn.swift in Sources */,
				240EA07D2478A965007828E5 /* ServiceResponse.swift in Sources */,
				240EA0812478A988007828E5 /* ELError.swift in Sources */,
				240EA0592478802C007828E5 /* Event.swift in Sources */,
				240EA0932478B00F007828E5 /* CheckInService.swift in Sources */,
				240EA08D2478AE1B007828E5 /* EventServiceProtocol.swift in Sources */,
				240EA0872478AC55007828E5 /* AppConfig.swift in Sources */,
				240EA0832478A996007828E5 /* HttpStatusCode.swift in Sources */,
				240EA09E247944BB007828E5 /* EventView.swift in Sources */,
				240EA07B2478A94F007828E5 /* ServiceHelper.swift in Sources */,
			);
			runOnlyForDeploymentPostprocessing = 0;
		};
		240EA0342478766F007828E5 /* Sources */ = {
			isa = PBXSourcesBuildPhase;
			buildActionMask = 2147483647;
			files = (
				240EA03D2478766F007828E5 /* EventListTests.swift in Sources */,
			);
			runOnlyForDeploymentPostprocessing = 0;
		};
		240EA03F2478766F007828E5 /* Sources */ = {
			isa = PBXSourcesBuildPhase;
			buildActionMask = 2147483647;
			files = (
				240EA0482478766F007828E5 /* EventListUITests.swift in Sources */,
			);
			runOnlyForDeploymentPostprocessing = 0;
		};
/* End PBXSourcesBuildPhase section */

/* Begin PBXTargetDependency section */
		240EA03A2478766F007828E5 /* PBXTargetDependency */ = {
			isa = PBXTargetDependency;
			target = 240EA0212478766D007828E5 /* EventList */;
			targetProxy = 240EA0392478766F007828E5 /* PBXContainerItemProxy */;
		};
		240EA0452478766F007828E5 /* PBXTargetDependency */ = {
			isa = PBXTargetDependency;
			target = 240EA0212478766D007828E5 /* EventList */;
			targetProxy = 240EA0442478766F007828E5 /* PBXContainerItemProxy */;
		};
/* End PBXTargetDependency section */

/* Begin PBXVariantGroup section */
		240EA02B2478766D007828E5 /* Main.storyboard */ = {
			isa = PBXVariantGroup;
			children = (
				240EA02C2478766D007828E5 /* Base */,
			);
			name = Main.storyboard;
			sourceTree = "<group>";
		};
		240EA0302478766F007828E5 /* LaunchScreen.storyboard */ = {
			isa = PBXVariantGroup;
			children = (
				240EA0312478766F007828E5 /* Base */,
			);
			name = LaunchScreen.storyboard;
			sourceTree = "<group>";
		};
/* End PBXVariantGroup section */

/* Begin XCBuildConfiguration section */
		240EA04A2478766F007828E5 /* Debug */ = {
			isa = XCBuildConfiguration;
			buildSettings = {
				ALWAYS_SEARCH_USER_PATHS = NO;
				CLANG_ANALYZER_NONNULL = YES;
				CLANG_ANALYZER_NUMBER_OBJECT_CONVERSION = YES_AGGRESSIVE;
				CLANG_CXX_LANGUAGE_STANDARD = "gnu++14";
				CLANG_CXX_LIBRARY = "libc++";
				CLANG_ENABLE_MODULES = YES;
				CLANG_ENABLE_OBJC_ARC = YES;
				CLANG_ENABLE_OBJC_WEAK = YES;
				CLANG_WARN_BLOCK_CAPTURE_AUTORELEASING = YES;
				CLANG_WARN_BOOL_CONVERSION = YES;
				CLANG_WARN_COMMA = YES;
				CLANG_WARN_CONSTANT_CONVERSION = YES;
				CLANG_WARN_DEPRECATED_OBJC_IMPLEMENTATIONS = YES;
				CLANG_WARN_DIRECT_OBJC_ISA_USAGE = YES_ERROR;
				CLANG_WARN_DOCUMENTATION_COMMENTS = YES;
				CLANG_WARN_EMPTY_BODY = YES;
				CLANG_WARN_ENUM_CONVERSION = YES;
				CLANG_WARN_INFINITE_RECURSION = YES;
				CLANG_WARN_INT_CONVERSION = YES;
				CLANG_WARN_NON_LITERAL_NULL_CONVERSION = YES;
				CLANG_WARN_OBJC_IMPLICIT_RETAIN_SELF = YES;
				CLANG_WARN_OBJC_LITERAL_CONVERSION = YES;
				CLANG_WARN_OBJC_ROOT_CLASS = YES_ERROR;
				CLANG_WARN_RANGE_LOOP_ANALYSIS = YES;
				CLANG_WARN_STRICT_PROTOTYPES = YES;
				CLANG_WARN_SUSPICIOUS_MOVE = YES;
				CLANG_WARN_UNGUARDED_AVAILABILITY = YES_AGGRESSIVE;
				CLANG_WARN_UNREACHABLE_CODE = YES;
				CLANG_WARN__DUPLICATE_METHOD_MATCH = YES;
				COPY_PHASE_STRIP = NO;
				DEBUG_INFORMATION_FORMAT = dwarf;
				ENABLE_STRICT_OBJC_MSGSEND = YES;
				ENABLE_TESTABILITY = YES;
				GCC_C_LANGUAGE_STANDARD = gnu11;
				GCC_DYNAMIC_NO_PIC = NO;
				GCC_NO_COMMON_BLOCKS = YES;
				GCC_OPTIMIZATION_LEVEL = 0;
				GCC_PREPROCESSOR_DEFINITIONS = (
					"DEBUG=1",
					"$(inherited)",
				);
				GCC_WARN_64_TO_32_BIT_CONVERSION = YES;
				GCC_WARN_ABOUT_RETURN_TYPE = YES_ERROR;
				GCC_WARN_UNDECLARED_SELECTOR = YES;
				GCC_WARN_UNINITIALIZED_AUTOS = YES_AGGRESSIVE;
				GCC_WARN_UNUSED_FUNCTION = YES;
				GCC_WARN_UNUSED_VARIABLE = YES;
				IPHONEOS_DEPLOYMENT_TARGET = 9.0;
				MTL_ENABLE_DEBUG_INFO = INCLUDE_SOURCE;
				MTL_FAST_MATH = YES;
				ONLY_ACTIVE_ARCH = YES;
				SDKROOT = iphoneos;
				SWIFT_ACTIVE_COMPILATION_CONDITIONS = DEBUG;
				SWIFT_OPTIMIZATION_LEVEL = "-Onone";
			};
			name = Debug;
		};
		240EA04B2478766F007828E5 /* Release */ = {
			isa = XCBuildConfiguration;
			buildSettings = {
				ALWAYS_SEARCH_USER_PATHS = NO;
				CLANG_ANALYZER_NONNULL = YES;
				CLANG_ANALYZER_NUMBER_OBJECT_CONVERSION = YES_AGGRESSIVE;
				CLANG_CXX_LANGUAGE_STANDARD = "gnu++14";
				CLANG_CXX_LIBRARY = "libc++";
				CLANG_ENABLE_MODULES = YES;
				CLANG_ENABLE_OBJC_ARC = YES;
				CLANG_ENABLE_OBJC_WEAK = YES;
				CLANG_WARN_BLOCK_CAPTURE_AUTORELEASING = YES;
				CLANG_WARN_BOOL_CONVERSION = YES;
				CLANG_WARN_COMMA = YES;
				CLANG_WARN_CONSTANT_CONVERSION = YES;
				CLANG_WARN_DEPRECATED_OBJC_IMPLEMENTATIONS = YES;
				CLANG_WARN_DIRECT_OBJC_ISA_USAGE = YES_ERROR;
				CLANG_WARN_DOCUMENTATION_COMMENTS = YES;
				CLANG_WARN_EMPTY_BODY = YES;
				CLANG_WARN_ENUM_CONVERSION = YES;
				CLANG_WARN_INFINITE_RECURSION = YES;
				CLANG_WARN_INT_CONVERSION = YES;
				CLANG_WARN_NON_LITERAL_NULL_CONVERSION = YES;
				CLANG_WARN_OBJC_IMPLICIT_RETAIN_SELF = YES;
				CLANG_WARN_OBJC_LITERAL_CONVERSION = YES;
				CLANG_WARN_OBJC_ROOT_CLASS = YES_ERROR;
				CLANG_WARN_RANGE_LOOP_ANALYSIS = YES;
				CLANG_WARN_STRICT_PROTOTYPES = YES;
				CLANG_WARN_SUSPICIOUS_MOVE = YES;
				CLANG_WARN_UNGUARDED_AVAILABILITY = YES_AGGRESSIVE;
				CLANG_WARN_UNREACHABLE_CODE = YES;
				CLANG_WARN__DUPLICATE_METHOD_MATCH = YES;
				COPY_PHASE_STRIP = NO;
				DEBUG_INFORMATION_FORMAT = "dwarf-with-dsym";
				ENABLE_NS_ASSERTIONS = NO;
				ENABLE_STRICT_OBJC_MSGSEND = YES;
				GCC_C_LANGUAGE_STANDARD = gnu11;
				GCC_NO_COMMON_BLOCKS = YES;
				GCC_WARN_64_TO_32_BIT_CONVERSION = YES;
				GCC_WARN_ABOUT_RETURN_TYPE = YES_ERROR;
				GCC_WARN_UNDECLARED_SELECTOR = YES;
				GCC_WARN_UNINITIALIZED_AUTOS = YES_AGGRESSIVE;
				GCC_WARN_UNUSED_FUNCTION = YES;
				GCC_WARN_UNUSED_VARIABLE = YES;
				IPHONEOS_DEPLOYMENT_TARGET = 9.0;
				MTL_ENABLE_DEBUG_INFO = NO;
				MTL_FAST_MATH = YES;
				SDKROOT = iphoneos;
				SWIFT_COMPILATION_MODE = wholemodule;
				SWIFT_OPTIMIZATION_LEVEL = "-O";
				VALIDATE_PRODUCT = YES;
			};
			name = Release;
		};
		240EA04D2478766F007828E5 /* Debug */ = {
			isa = XCBuildConfiguration;
			baseConfigurationReference = 4F53286F28371B34B710F054 /* Pods-EventList.debug.xcconfig */;
			buildSettings = {
				ASSETCATALOG_COMPILER_APPICON_NAME = AppIcon;
				CODE_SIGN_STYLE = Automatic;
				DEVELOPMENT_TEAM = V98QDSD7WQ;
				INFOPLIST_FILE = EventList/Info.plist;
				LD_RUNPATH_SEARCH_PATHS = (
					"$(inherited)",
					"@executable_path/Frameworks",
				);
				PRODUCT_BUNDLE_IDENTIFIER = br.com.dil.jr.EventList;
				PRODUCT_NAME = "$(TARGET_NAME)";
				SWIFT_VERSION = 5.0;
				TARGETED_DEVICE_FAMILY = "1,2";
			};
			name = Debug;
		};
		240EA04E2478766F007828E5 /* Release */ = {
			isa = XCBuildConfiguration;
			baseConfigurationReference = 8BD885D98A1576BC12A21C1C /* Pods-EventList.release.xcconfig */;
			buildSettings = {
				ASSETCATALOG_COMPILER_APPICON_NAME = AppIcon;
				CODE_SIGN_STYLE = Automatic;
				DEVELOPMENT_TEAM = V98QDSD7WQ;
				INFOPLIST_FILE = EventList/Info.plist;
				LD_RUNPATH_SEARCH_PATHS = (
					"$(inherited)",
					"@executable_path/Frameworks",
				);
				PRODUCT_BUNDLE_IDENTIFIER = br.com.dil.jr.EventList;
				PRODUCT_NAME = "$(TARGET_NAME)";
				SWIFT_VERSION = 5.0;
				TARGETED_DEVICE_FAMILY = "1,2";
			};
			name = Release;
		};
		240EA0502478766F007828E5 /* Debug */ = {
			isa = XCBuildConfiguration;
			baseConfigurationReference = 830F66CFFF00DB5FF337716C /* Pods-EventListTests.debug.xcconfig */;
			buildSettings = {
				ALWAYS_EMBED_SWIFT_STANDARD_LIBRARIES = YES;
				BUNDLE_LOADER = "$(TEST_HOST)";
				CODE_SIGN_STYLE = Automatic;
				DEVELOPMENT_TEAM = V98QDSD7WQ;
				INFOPLIST_FILE = EventListTests/Info.plist;
				IPHONEOS_DEPLOYMENT_TARGET = 13.2;
				LD_RUNPATH_SEARCH_PATHS = (
					"$(inherited)",
					"@executable_path/Frameworks",
					"@loader_path/Frameworks",
				);
				PRODUCT_BUNDLE_IDENTIFIER = br.com.dil.jr.EventListTests;
				PRODUCT_NAME = "$(TARGET_NAME)";
				SWIFT_VERSION = 5.0;
				TARGETED_DEVICE_FAMILY = "1,2";
				TEST_HOST = "$(BUILT_PRODUCTS_DIR)/EventList.app/EventList";
			};
			name = Debug;
		};
		240EA0512478766F007828E5 /* Release */ = {
			isa = XCBuildConfiguration;
			baseConfigurationReference = D5CED2EE525E4C079F923C68 /* Pods-EventListTests.release.xcconfig */;
			buildSettings = {
				ALWAYS_EMBED_SWIFT_STANDARD_LIBRARIES = YES;
				BUNDLE_LOADER = "$(TEST_HOST)";
				CODE_SIGN_STYLE = Automatic;
				DEVELOPMENT_TEAM = V98QDSD7WQ;
				INFOPLIST_FILE = EventListTests/Info.plist;
				IPHONEOS_DEPLOYMENT_TARGET = 13.2;
				LD_RUNPATH_SEARCH_PATHS = (
					"$(inherited)",
					"@executable_path/Frameworks",
					"@loader_path/Frameworks",
				);
				PRODUCT_BUNDLE_IDENTIFIER = br.com.dil.jr.EventListTests;
				PRODUCT_NAME = "$(TARGET_NAME)";
				SWIFT_VERSION = 5.0;
				TARGETED_DEVICE_FAMILY = "1,2";
				TEST_HOST = "$(BUILT_PRODUCTS_DIR)/EventList.app/EventList";
			};
			name = Release;
		};
		240EA0532478766F007828E5 /* Debug */ = {
			isa = XCBuildConfiguration;
			baseConfigurationReference = AB81EE19B308493819B41C5F /* Pods-EventListUITests.debug.xcconfig */;
			buildSettings = {
				ALWAYS_EMBED_SWIFT_STANDARD_LIBRARIES = YES;
				CODE_SIGN_STYLE = Automatic;
				DEVELOPMENT_TEAM = V98QDSD7WQ;
				INFOPLIST_FILE = EventListUITests/Info.plist;
				LD_RUNPATH_SEARCH_PATHS = (
					"$(inherited)",
					"@executable_path/Frameworks",
					"@loader_path/Frameworks",
				);
				PRODUCT_BUNDLE_IDENTIFIER = br.com.dil.jr.EventListUITests;
				PRODUCT_NAME = "$(TARGET_NAME)";
				SWIFT_VERSION = 5.0;
				TARGETED_DEVICE_FAMILY = "1,2";
				TEST_TARGET_NAME = EventList;
			};
			name = Debug;
		};
		240EA0542478766F007828E5 /* Release */ = {
			isa = XCBuildConfiguration;
			baseConfigurationReference = 2200B7C295C781490C9132F3 /* Pods-EventListUITests.release.xcconfig */;
			buildSettings = {
				ALWAYS_EMBED_SWIFT_STANDARD_LIBRARIES = YES;
				CODE_SIGN_STYLE = Automatic;
				DEVELOPMENT_TEAM = V98QDSD7WQ;
				INFOPLIST_FILE = EventListUITests/Info.plist;
				LD_RUNPATH_SEARCH_PATHS = (
					"$(inherited)",
					"@executable_path/Frameworks",
					"@loader_path/Frameworks",
				);
				PRODUCT_BUNDLE_IDENTIFIER = br.com.dil.jr.EventListUITests;
				PRODUCT_NAME = "$(TARGET_NAME)";
				SWIFT_VERSION = 5.0;
				TARGETED_DEVICE_FAMILY = "1,2";
				TEST_TARGET_NAME = EventList;
			};
			name = Release;
		};
/* End XCBuildConfiguration section */

/* Begin XCConfigurationList section */
		240EA01D2478766D007828E5 /* Build configuration list for PBXProject "EventList" */ = {
			isa = XCConfigurationList;
			buildConfigurations = (
				240EA04A2478766F007828E5 /* Debug */,
				240EA04B2478766F007828E5 /* Release */,
			);
			defaultConfigurationIsVisible = 0;
			defaultConfigurationName = Release;
		};
		240EA04C2478766F007828E5 /* Build configuration list for PBXNativeTarget "EventList" */ = {
			isa = XCConfigurationList;
			buildConfigurations = (
				240EA04D2478766F007828E5 /* Debug */,
				240EA04E2478766F007828E5 /* Release */,
			);
			defaultConfigurationIsVisible = 0;
			defaultConfigurationName = Release;
		};
		240EA04F2478766F007828E5 /* Build configuration list for PBXNativeTarget "EventListTests" */ = {
			isa = XCConfigurationList;
			buildConfigurations = (
				240EA0502478766F007828E5 /* Debug */,
				240EA0512478766F007828E5 /* Release */,
			);
			defaultConfigurationIsVisible = 0;
			defaultConfigurationName = Release;
		};
		240EA0522478766F007828E5 /* Build configuration list for PBXNativeTarget "EventListUITests" */ = {
			isa = XCConfigurationList;
			buildConfigurations = (
				240EA0532478766F007828E5 /* Debug */,
				240EA0542478766F007828E5 /* Release */,
			);
			defaultConfigurationIsVisible = 0;
			defaultConfigurationName = Release;
		};
/* End XCConfigurationList section */
	};
	rootObject = 240EA01A2478766D007828E5 /* Project object */;
}
